
Microsoft Visual Studio Solution File, Format Version 12.00
# Visual Studio Version 17
VisualStudioVersion = 17.13.35825.156 d17.13
MinimumVisualStudioVersion = 10.0.40219.1
Project("{8BC9CEB8-8B4A-11D0-8D11-00A0C91BC942}") = "Project1", "Project1\Project1.vcxproj", "{E2F68C2F-15BC-4D78-889A-1AE9DAD77757}"
EndProject
Global
	GlobalSection(SolutionConfigurationPlatforms) = preSolution
		Debug|x64 = Debug|x64
		Debug|x86 = Debug|x86
		Release|x64 = Release|x64
		Release|x86 = Release|x86
	EndGlobalSection
	GlobalSection(ProjectConfigurationPlatforms) = postSolution
		{E2F68C2F-15BC-4D78-889A-1AE9DAD77757}.Debug|x64.ActiveCfg = Debug|x64
		{E2F68C2F-15BC-4D78-889A-1AE9DAD77757}.Debug|x64.Build.0 = Debug|x64
		{E2F68C2F-15BC-4D78-889A-1AE9DAD77757}.Debug|x86.ActiveCfg = Debug|Win32
		{E2F68C2F-15BC-4D78-889A-1AE9DAD77757}.Debug|x86.Build.0 = Debug|Win32
		{E2F68C2F-15BC-4D78-889A-1AE9DAD77757}.Release|x64.ActiveCfg = Release|x64
		{E2F68C2F-15BC-4D78-889A-1AE9DAD77757}.Release|x64.Build.0 = Release|x64
		{E2F68C2F-15BC-4D78-889A-1AE9DAD77757}.Release|x86.ActiveCfg = Release|Win32
		{E2F68C2F-15BC-4D78-889A-1AE9DAD77757}.Release|x86.Build.0 = Release|Win32
	EndGlobalSection
	GlobalSection(SolutionProperties) = preSolution
		HideSolutionNode = FALSE
	EndGlobalSection
	GlobalSection(ExtensibilityGlobals) = postSolution
		SolutionGuid = {B465F472-BBDB-4E6D-88C6-2748C28900E1}
	EndGlobalSection
EndGlobal
